
Microsoft Visual Studio Solution File, Format Version 12.00
# Visual Studio 14
VisualStudioVersion = 14.0.25420.1
MinimumVisualStudioVersion = 10.0.40219.1
Project("{FAE04EC0-301F-11D3-BF4B-00C04F79EFBC}") = "Tropo", "Tropo\Tropo.csproj", "{8800A2D4-3079-4ED8-9823-258BD5490F8A}"
EndProject
Global
	GlobalSection(SolutionConfigurationPlatforms) = preSolution
		Debug|Any CPU = Debug|Any CPU
		Release|Any CPU = Release|Any CPU
	EndGlobalSection
	GlobalSection(ProjectConfigurationPlatforms) = postSolution
		{8800A2D4-3079-4ED8-9823-258BD5490F8A}.Debug|Any CPU.ActiveCfg = Debug|Any CPU
		{8800A2D4-3079-4ED8-9823-258BD5490F8A}.Debug|Any CPU.Build.0 = Debug|Any CPU
		{8800A2D4-3079-4ED8-9823-258BD5490F8A}.Release|Any CPU.ActiveCfg = Release|Any CPU
		{8800A2D4-3079-4ED8-9823-258BD5490F8A}.Release|Any CPU.Build.0 = Release|Any CPU
	EndGlobalSection
	GlobalSection(SolutionProperties) = preSolution
		HideSolutionNode = FALSE
	EndGlobalSection
EndGlobal
